// !$*UTF8*$!
{
	archiveVersion = 1;
	classes = {
	};
	objectVersion = 50;
	objects = {

/* Begin PBXBuildFile section */
		6BC6F06723FF7DB6000A39E2 /* AppDelegate.swift in Sources */ = {isa = PBXBuildFile; fileRef = 6BC6F06623FF7DB6000A39E2 /* AppDelegate.swift */; };
		6BC6F06923FF7DB6000A39E2 /* ViewController.swift in Sources */ = {isa = PBXBuildFile; fileRef = 6BC6F06823FF7DB6000A39E2 /* ViewController.swift */; };
		6BC6F06C23FF7DB6000A39E2 /* Main.storyboard in Resources */ = {isa = PBXBuildFile; fileRef = 6BC6F06A23FF7DB6000A39E2 /* Main.storyboard */; };
		6BC6F06E23FF7DB9000A39E2 /* Assets.xcassets in Resources */ = {isa = PBXBuildFile; fileRef = 6BC6F06D23FF7DB9000A39E2 /* Assets.xcassets */; };
		6BC6F07123FF7DB9000A39E2 /* LaunchScreen.storyboard in Resources */ = {isa = PBXBuildFile; fileRef = 6BC6F06F23FF7DB9000A39E2 /* LaunchScreen.storyboard */; };
		6BC6F07C23FF7DB9000A39E2 /* Helios_awesomeTipsTests.swift in Sources */ = {isa = PBXBuildFile; fileRef = 6BC6F07B23FF7DB9000A39E2 /* Helios_awesomeTipsTests.swift */; };
		6BC6F08723FF7DB9000A39E2 /* Helios_awesomeTipsUITests.swift in Sources */ = {isa = PBXBuildFile; fileRef = 6BC6F08623FF7DB9000A39E2 /* Helios_awesomeTipsUITests.swift */; };
/* End PBXBuildFile section */

/* Begin PBXContainerItemProxy section */
		6BC6F07823FF7DB9000A39E2 /* PBXContainerItemProxy */ = {
			isa = PBXContainerItemProxy;
			containerPortal = 6BC6F05B23FF7DB6000A39E2 /* Project object */;
			proxyType = 1;
			remoteGlobalIDString = 6BC6F06223FF7DB6000A39E2;
			remoteInfo = Helios_awesomeTips;
		};
		6BC6F08323FF7DB9000A39E2 /* PBXContainerItemProxy */ = {
			isa = PBXContainerItemProxy;
			containerPortal = 6BC6F05B23FF7DB6000A39E2 /* Project object */;
			proxyType = 1;
			remoteGlobalIDString = 6BC6F06223FF7DB6000A39E2;
			remoteInfo = Helios_awesomeTips;
		};
/* End PBXContainerItemProxy section */

/* Begin PBXFileReference section */
		6BC6F06323FF7DB6000A39E2 /* Helios_awesomeTips.app */ = {isa = PBXFileReference; explicitFileType = wrapper.application; includeInIndex = 0; path = Helios_awesomeTips.app; sourceTree = BUILT_PRODUCTS_DIR; };
		6BC6F06623FF7DB6000A39E2 /* AppDelegate.swift */ = {isa = PBXFileReference; lastKnownFileType = sourcecode.swift; path = AppDelegate.swift; sourceTree = "<group>"; };
		6BC6F06823FF7DB6000A39E2 /* ViewController.swift */ = {isa = PBXFileReference; lastKnownFileType = sourcecode.swift; path = ViewController.swift; sourceTree = "<group>"; };
		6BC6F06B23FF7DB6000A39E2 /* Base */ = {isa = PBXFileReference; lastKnownFileType = file.storyboard; name = Base; path = Base.lproj/Main.storyboard; sourceTree = "<group>"; };
		6BC6F06D23FF7DB9000A39E2 /* Assets.xcassets */ = {isa = PBXFileReference; lastKnownFileType = folder.assetcatalog; path = Assets.xcassets; sourceTree = "<group>"; };
		6BC6F07023FF7DB9000A39E2 /* Base */ = {isa = PBXFileReference; lastKnownFileType = file.storyboard; name = Base; path = Base.lproj/LaunchScreen.storyboard; sourceTree = "<group>"; };
		6BC6F07223FF7DB9000A39E2 /* Info.plist */ = {isa = PBXFileReference; lastKnownFileType = text.plist.xml; path = Info.plist; sourceTree = "<group>"; };
		6BC6F07723FF7DB9000A39E2 /* Helios_awesomeTipsTests.xctest */ = {isa = PBXFileReference; explicitFileType = wrapper.cfbundle; includeInIndex = 0; path = Helios_awesomeTipsTests.xctest; sourceTree = BUILT_PRODUCTS_DIR; };
		6BC6F07B23FF7DB9000A39E2 /* Helios_awesomeTipsTests.swift */ = {isa = PBXFileReference; lastKnownFileType = sourcecode.swift; path = Helios_awesomeTipsTests.swift; sourceTree = "<group>"; };
		6BC6F07D23FF7DB9000A39E2 /* Info.plist */ = {isa = PBXFileReference; lastKnownFileType = text.plist.xml; path = Info.plist; sourceTree = "<group>"; };
		6BC6F08223FF7DB9000A39E2 /* Helios_awesomeTipsUITests.xctest */ = {isa = PBXFileReference; explicitFileType = wrapper.cfbundle; includeInIndex = 0; path = Helios_awesomeTipsUITests.xctest; sourceTree = BUILT_PRODUCTS_DIR; };
		6BC6F08623FF7DB9000A39E2 /* Helios_awesomeTipsUITests.swift */ = {isa = PBXFileReference; lastKnownFileType = sourcecode.swift; path = Helios_awesomeTipsUITests.swift; sourceTree = "<group>"; };
		6BC6F08823FF7DB9000A39E2 /* Info.plist */ = {isa = PBXFileReference; lastKnownFileType = text.plist.xml; path = Info.plist; sourceTree = "<group>"; };
/* End PBXFileReference section */

/* Begin PBXFrameworksBuildPhase section */
		6BC6F06023FF7DB6000A39E2 /* Frameworks */ = {
			isa = PBXFrameworksBuildPhase;
			buildActionMask = 2147483647;
			files = (
			);
			runOnlyForDeploymentPostprocessing = 0;
		};
		6BC6F07423FF7DB9000A39E2 /* Frameworks */ = {
			isa = PBXFrameworksBuildPhase;
			buildActionMask = 2147483647;
			files = (
			);
			runOnlyForDeploymentPostprocessing = 0;
		};
		6BC6F07F23FF7DB9000A39E2 /* Frameworks */ = {
			isa = PBXFrameworksBuildPhase;
			buildActionMask = 2147483647;
			files = (
			);
			runOnlyForDeploymentPostprocessing = 0;
		};
/* End PBXFrameworksBuildPhase section */

/* Begin PBXGroup section */
		6BC6F05A23FF7DB6000A39E2 = {
			isa = PBXGroup;
			children = (
				6BC6F06523FF7DB6000A39E2 /* Helios_awesomeTips */,
				6BC6F07A23FF7DB9000A39E2 /* Helios_awesomeTipsTests */,
				6BC6F08523FF7DB9000A39E2 /* Helios_awesomeTipsUITests */,
				6BC6F06423FF7DB6000A39E2 /* Products */,
			);
			sourceTree = "<group>";
		};
		6BC6F06423FF7DB6000A39E2 /* Products */ = {
			isa = PBXGroup;
			children = (
				6BC6F06323FF7DB6000A39E2 /* Helios_awesomeTips.app */,
				6BC6F07723FF7DB9000A39E2 /* Helios_awesomeTipsTests.xctest */,
				6BC6F08223FF7DB9000A39E2 /* Helios_awesomeTipsUITests.xctest */,
			);
			name = Products;
			sourceTree = "<group>";
		};
		6BC6F06523FF7DB6000A39E2 /* Helios_awesomeTips */ = {
			isa = PBXGroup;
			children = (
				6BC6F06623FF7DB6000A39E2 /* AppDelegate.swift */,
				6BC6F06823FF7DB6000A39E2 /* ViewController.swift */,
				6BC6F06A23FF7DB6000A39E2 /* Main.storyboard */,
				6BC6F06D23FF7DB9000A39E2 /* Assets.xcassets */,
				6BC6F06F23FF7DB9000A39E2 /* LaunchScreen.storyboard */,
				6BC6F07223FF7DB9000A39E2 /* Info.plist */,
			);
			path = Helios_awesomeTips;
			sourceTree = "<group>";
		};
		6BC6F07A23FF7DB9000A39E2 /* Helios_awesomeTipsTests */ = {
			isa = PBXGroup;
			children = (
				6BC6F07B23FF7DB9000A39E2 /* Helios_awesomeTipsTests.swift */,
				6BC6F07D23FF7DB9000A39E2 /* Info.plist */,
			);
			path = Helios_awesomeTipsTests;
			sourceTree = "<group>";
		};
		6BC6F08523FF7DB9000A39E2 /* Helios_awesomeTipsUITests */ = {
			isa = PBXGroup;
			children = (
				6BC6F08623FF7DB9000A39E2 /* Helios_awesomeTipsUITests.swift */,
				6BC6F08823FF7DB9000A39E2 /* Info.plist */,
			);
			path = Helios_awesomeTipsUITests;
			sourceTree = "<group>";
		};
/* End PBXGroup section */

/* Begin PBXNativeTarget section */
		6BC6F06223FF7DB6000A39E2 /* Helios_awesomeTips */ = {
			isa = PBXNativeTarget;
			buildConfigurationList = 6BC6F08B23FF7DB9000A39E2 /* Build configuration list for PBXNativeTarget "Helios_awesomeTips" */;
			buildPhases = (
				6BC6F05F23FF7DB6000A39E2 /* Sources */,
				6BC6F06023FF7DB6000A39E2 /* Frameworks */,
				6BC6F06123FF7DB6000A39E2 /* Resources */,
			);
			buildRules = (
			);
			dependencies = (
			);
			name = Helios_awesomeTips;
			productName = Helios_awesomeTips;
			productReference = 6BC6F06323FF7DB6000A39E2 /* Helios_awesomeTips.app */;
			productType = "com.apple.product-type.application";
		};
		6BC6F07623FF7DB9000A39E2 /* Helios_awesomeTipsTests */ = {
			isa = PBXNativeTarget;
			buildConfigurationList = 6BC6F08E23FF7DB9000A39E2 /* Build configuration list for PBXNativeTarget "Helios_awesomeTipsTests" */;
			buildPhases = (
				6BC6F07323FF7DB9000A39E2 /* Sources */,
				6BC6F07423FF7DB9000A39E2 /* Frameworks */,
				6BC6F07523FF7DB9000A39E2 /* Resources */,
			);
			buildRules = (
			);
			dependencies = (
				6BC6F07923FF7DB9000A39E2 /* PBXTargetDependency */,
			);
			name = Helios_awesomeTipsTests;
			productName = Helios_awesomeTipsTests;
			productReference = 6BC6F07723FF7DB9000A39E2 /* Helios_awesomeTipsTests.xctest */;
			productType = "com.apple.product-type.bundle.unit-test";
		};
		6BC6F08123FF7DB9000A39E2 /* Helios_awesomeTipsUITests */ = {
			isa = PBXNativeTarget;
			buildConfigurationList = 6BC6F09123FF7DB9000A39E2 /* Build configuration list for PBXNativeTarget "Helios_awesomeTipsUITests" */;
			buildPhases = (
				6BC6F07E23FF7DB9000A39E2 /* Sources */,
				6BC6F07F23FF7DB9000A39E2 /* Frameworks */,
				6BC6F08023FF7DB9000A39E2 /* Resources */,
			);
			buildRules = (
			);
			dependencies = (
				6BC6F08423FF7DB9000A39E2 /* PBXTargetDependency */,
			);
			name = Helios_awesomeTipsUITests;
			productName = Helios_awesomeTipsUITests;
			productReference = 6BC6F08223FF7DB9000A39E2 /* Helios_awesomeTipsUITests.xctest */;
			productType = "com.apple.product-type.bundle.ui-testing";
		};
/* End PBXNativeTarget section */

/* Begin PBXProject section */
		6BC6F05B23FF7DB6000A39E2 /* Project object */ = {
			isa = PBXProject;
			attributes = {
				LastSwiftUpdateCheck = 1020;
				LastUpgradeCheck = 1020;
				ORGANIZATIONNAME = helios;
				TargetAttributes = {
					6BC6F06223FF7DB6000A39E2 = {
						CreatedOnToolsVersion = 10.2;
					};
					6BC6F07623FF7DB9000A39E2 = {
						CreatedOnToolsVersion = 10.2;
						TestTargetID = 6BC6F06223FF7DB6000A39E2;
					};
					6BC6F08123FF7DB9000A39E2 = {
						CreatedOnToolsVersion = 10.2;
						TestTargetID = 6BC6F06223FF7DB6000A39E2;
					};
				};
			};
			buildConfigurationList = 6BC6F05E23FF7DB6000A39E2 /* Build configuration list for PBXProject "Helios_awesomeTips" */;
			compatibilityVersion = "Xcode 9.3";
			developmentRegion = en;
			hasScannedForEncodings = 0;
			knownRegions = (
				en,
				Base,
			);
			mainGroup = 6BC6F05A23FF7DB6000A39E2;
			productRefGroup = 6BC6F06423FF7DB6000A39E2 /* Products */;
			projectDirPath = "";
			projectRoot = "";
			targets = (
				6BC6F06223FF7DB6000A39E2 /* Helios_awesomeTips */,
				6BC6F07623FF7DB9000A39E2 /* Helios_awesomeTipsTests */,
				6BC6F08123FF7DB9000A39E2 /* Helios_awesomeTipsUITests */,
			);
		};
/* End PBXProject section */

/* Begin PBXResourcesBuildPhase section */
		6BC6F06123FF7DB6000A39E2 /* Resources */ = {
			isa = PBXResourcesBuildPhase;
			buildActionMask = 2147483647;
			files = (
				6BC6F07123FF7DB9000A39E2 /* LaunchScreen.storyboard in Resources */,
				6BC6F06E23FF7DB9000A39E2 /* Assets.xcassets in Resources */,
				6BC6F06C23FF7DB6000A39E2 /* Main.storyboard in Resources */,
			);
			runOnlyForDeploymentPostprocessing = 0;
		};
		6BC6F07523FF7DB9000A39E2 /* Resources */ = {
			isa = PBXResourcesBuildPhase;
			buildActionMask = 2147483647;
			files = (
			);
			runOnlyForDeploymentPostprocessing = 0;
		};
		6BC6F08023FF7DB9000A39E2 /* Resources */ = {
			isa = PBXResourcesBuildPhase;
			buildActionMask = 2147483647;
			files = (
			);
			runOnlyForDeploymentPostprocessing = 0;
		};
/* End PBXResourcesBuildPhase section */

/* Begin PBXSourcesBuildPhase section */
		6BC6F05F23FF7DB6000A39E2 /* Sources */ = {
			isa = PBXSourcesBuildPhase;
			buildActionMask = 2147483647;
			files = (
				6BC6F06923FF7DB6000A39E2 /* ViewController.swift in Sources */,
				6BC6F06723FF7DB6000A39E2 /* AppDelegate.swift in Sources */,
			);
			runOnlyForDeploymentPostprocessing = 0;
		};
		6BC6F07323FF7DB9000A39E2 /* Sources */ = {
			isa = PBXSourcesBuildPhase;
			buildActionMask = 2147483647;
			files = (
				6BC6F07C23FF7DB9000A39E2 /* Helios_awesomeTipsTests.swift in Sources */,
			);
			runOnlyForDeploymentPostprocessing = 0;
		};
		6BC6F07E23FF7DB9000A39E2 /* Sources */ = {
			isa = PBXSourcesBuildPhase;
			buildActionMask = 2147483647;
			files = (
				6BC6F08723FF7DB9000A39E2 /* Helios_awesomeTipsUITests.swift in Sources */,
			);
			runOnlyForDeploymentPostprocessing = 0;
		};
/* End PBXSourcesBuildPhase section */

/* Begin PBXTargetDependency section */
		6BC6F07923FF7DB9000A39E2 /* PBXTargetDependency */ = {
			isa = PBXTargetDependency;
			target = 6BC6F06223FF7DB6000A39E2 /* Helios_awesomeTips */;
			targetProxy = 6BC6F07823FF7DB9000A39E2 /* PBXContainerItemProxy */;
		};
		6BC6F08423FF7DB9000A39E2 /* PBXTargetDependency */ = {
			isa = PBXTargetDependency;
			target = 6BC6F06223FF7DB6000A39E2 /* Helios_awesomeTips */;
			targetProxy = 6BC6F08323FF7DB9000A39E2 /* PBXContainerItemProxy */;
		};
/* End PBXTargetDependency section */

/* Begin PBXVariantGroup section */
		6BC6F06A23FF7DB6000A39E2 /* Main.storyboard */ = {
			isa = PBXVariantGroup;
			children = (
				6BC6F06B23FF7DB6000A39E2 /* Base */,
			);
			name = Main.storyboard;
			sourceTree = "<group>";
		};
		6BC6F06F23FF7DB9000A39E2 /* LaunchScreen.storyboard */ = {
			isa = PBXVariantGroup;
			children = (
				6BC6F07023FF7DB9000A39E2 /* Base */,
			);
			name = LaunchScreen.storyboard;
			sourceTree = "<group>";
		};
/* End PBXVariantGroup section */

/* Begin XCBuildConfiguration section */
		6BC6F08923FF7DB9000A39E2 /* Debug */ = {
			isa = XCBuildConfiguration;
			buildSettings = {
				ALWAYS_SEARCH_USER_PATHS = NO;
				CLANG_ANALYZER_NONNULL = YES;
				CLANG_ANALYZER_NUMBER_OBJECT_CONVERSION = YES_AGGRESSIVE;
				CLANG_CXX_LANGUAGE_STANDARD = "gnu++14";
				CLANG_CXX_LIBRARY = "libc++";
				CLANG_ENABLE_MODULES = YES;
				CLANG_ENABLE_OBJC_ARC = YES;
				CLANG_ENABLE_OBJC_WEAK = YES;
				CLANG_WARN_BLOCK_CAPTURE_AUTORELEASING = YES;
				CLANG_WARN_BOOL_CONVERSION = YES;
				CLANG_WARN_COMMA = YES;
				CLANG_WARN_CONSTANT_CONVERSION = YES;
				CLANG_WARN_DEPRECATED_OBJC_IMPLEMENTATIONS = YES;
				CLANG_WARN_DIRECT_OBJC_ISA_USAGE = YES_ERROR;
				CLANG_WARN_DOCUMENTATION_COMMENTS = YES;
				CLANG_WARN_EMPTY_BODY = YES;
				CLANG_WARN_ENUM_CONVERSION = YES;
				CLANG_WARN_INFINITE_RECURSION = YES;
				CLANG_WARN_INT_CONVERSION = YES;
				CLANG_WARN_NON_LITERAL_NULL_CONVERSION = YES;
				CLANG_WARN_OBJC_IMPLICIT_RETAIN_SELF = YES;
				CLANG_WARN_OBJC_LITERAL_CONVERSION = YES;
				CLANG_WARN_OBJC_ROOT_CLASS = YES_ERROR;
				CLANG_WARN_RANGE_LOOP_ANALYSIS = YES;
				CLANG_WARN_STRICT_PROTOTYPES = YES;
				CLANG_WARN_SUSPICIOUS_MOVE = YES;
				CLANG_WARN_UNGUARDED_AVAILABILITY = YES_AGGRESSIVE;
				CLANG_WARN_UNREACHABLE_CODE = YES;
				CLANG_WARN__DUPLICATE_METHOD_MATCH = YES;
				CODE_SIGN_IDENTITY = "iPhone Developer";
				COPY_PHASE_STRIP = NO;
				DEBUG_INFORMATION_FORMAT = dwarf;
				ENABLE_STRICT_OBJC_MSGSEND = YES;
				ENABLE_TESTABILITY = YES;
				GCC_C_LANGUAGE_STANDARD = gnu11;
				GCC_DYNAMIC_NO_PIC = NO;
				GCC_NO_COMMON_BLOCKS = YES;
				GCC_OPTIMIZATION_LEVEL = 0;
				GCC_PREPROCESSOR_DEFINITIONS = (
					"DEBUG=1",
					"$(inherited)",
				);
				GCC_WARN_64_TO_32_BIT_CONVERSION = YES;
				GCC_WARN_ABOUT_RETURN_TYPE = YES_ERROR;
				GCC_WARN_UNDECLARED_SELECTOR = YES;
				GCC_WARN_UNINITIALIZED_AUTOS = YES_AGGRESSIVE;
				GCC_WARN_UNUSED_FUNCTION = YES;
				GCC_WARN_UNUSED_VARIABLE = YES;
				IPHONEOS_DEPLOYMENT_TARGET = 12.2;
				MTL_ENABLE_DEBUG_INFO = INCLUDE_SOURCE;
				MTL_FAST_MATH = YES;
				ONLY_ACTIVE_ARCH = YES;
				SDKROOT = iphoneos;
				SWIFT_ACTIVE_COMPILATION_CONDITIONS = DEBUG;
				SWIFT_OPTIMIZATION_LEVEL = "-Onone";
			};
			name = Debug;
		};
		6BC6F08A23FF7DB9000A39E2 /* Release */ = {
			isa = XCBuildConfiguration;
			buildSettings = {
				ALWAYS_SEARCH_USER_PATHS = NO;
				CLANG_ANALYZER_NONNULL = YES;
				CLANG_ANALYZER_NUMBER_OBJECT_CONVERSION = YES_AGGRESSIVE;
				CLANG_CXX_LANGUAGE_STANDARD = "gnu++14";
				CLANG_CXX_LIBRARY = "libc++";
				CLANG_ENABLE_MODULES = YES;
				CLANG_ENABLE_OBJC_ARC = YES;
				CLANG_ENABLE_OBJC_WEAK = YES;
				CLANG_WARN_BLOCK_CAPTURE_AUTORELEASING = YES;
				CLANG_WARN_BOOL_CONVERSION = YES;
				CLANG_WARN_COMMA = YES;
				CLANG_WARN_CONSTANT_CONVERSION = YES;
				CLANG_WARN_DEPRECATED_OBJC_IMPLEMENTATIONS = YES;
				CLANG_WARN_DIRECT_OBJC_ISA_USAGE = YES_ERROR;
				CLANG_WARN_DOCUMENTATION_COMMENTS = YES;
				CLANG_WARN_EMPTY_BODY = YES;
				CLANG_WARN_ENUM_CONVERSION = YES;
				CLANG_WARN_INFINITE_RECURSION = YES;
				CLANG_WARN_INT_CONVERSION = YES;
				CLANG_WARN_NON_LITERAL_NULL_CONVERSION = YES;
				CLANG_WARN_OBJC_IMPLICIT_RETAIN_SELF = YES;
				CLANG_WARN_OBJC_LITERAL_CONVERSION = YES;
				CLANG_WARN_OBJC_ROOT_CLASS = YES_ERROR;
				CLANG_WARN_RANGE_LOOP_ANALYSIS = YES;
				CLANG_WARN_STRICT_PROTOTYPES = YES;
				CLANG_WARN_SUSPICIOUS_MOVE = YES;
				CLANG_WARN_UNGUARDED_AVAILABILITY = YES_AGGRESSIVE;
				CLANG_WARN_UNREACHABLE_CODE = YES;
				CLANG_WARN__DUPLICATE_METHOD_MATCH = YES;
				CODE_SIGN_IDENTITY = "iPhone Developer";
				COPY_PHASE_STRIP = NO;
				DEBUG_INFORMATION_FORMAT = "dwarf-with-dsym";
				ENABLE_NS_ASSERTIONS = NO;
				ENABLE_STRICT_OBJC_MSGSEND = YES;
				GCC_C_LANGUAGE_STANDARD = gnu11;
				GCC_NO_COMMON_BLOCKS = YES;
				GCC_WARN_64_TO_32_BIT_CONVERSION = YES;
				GCC_WARN_ABOUT_RETURN_TYPE = YES_ERROR;
				GCC_WARN_UNDECLARED_SELECTOR = YES;
				GCC_WARN_UNINITIALIZED_AUTOS = YES_AGGRESSIVE;
				GCC_WARN_UNUSED_FUNCTION = YES;
				GCC_WARN_UNUSED_VARIABLE = YES;
				IPHONEOS_DEPLOYMENT_TARGET = 12.2;
				MTL_ENABLE_DEBUG_INFO = NO;
				MTL_FAST_MATH = YES;
				SDKROOT = iphoneos;
				SWIFT_COMPILATION_MODE = wholemodule;
				SWIFT_OPTIMIZATION_LEVEL = "-O";
				VALIDATE_PRODUCT = YES;
			};
			name = Release;
		};
		6BC6F08C23FF7DB9000A39E2 /* Debug */ = {
			isa = XCBuildConfiguration;
			buildSettings = {
				ASSETCATALOG_COMPILER_APPICON_NAME = AppIcon;
				CODE_SIGN_STYLE = Automatic;
				DEVELOPMENT_TEAM = NMSF2D3C24;
				INFOPLIST_FILE = Helios_awesomeTips/Info.plist;
				IPHONEOS_DEPLOYMENT_TARGET = 11.1;
				LD_RUNPATH_SEARCH_PATHS = (
					"$(inherited)",
					"@executable_path/Frameworks",
				);
				PRODUCT_BUNDLE_IDENTIFIER = "rrd.Helios-awesomeTips";
				PRODUCT_NAME = "$(TARGET_NAME)";
				SWIFT_VERSION = 5.0;
				TARGETED_DEVICE_FAMILY = "1,2";
			};
			name = Debug;
		};
		6BC6F08D23FF7DB9000A39E2 /* Release */ = {
			isa = XCBuildConfiguration;
			buildSettings = {
				ASSETCATALOG_COMPILER_APPICON_NAME = AppIcon;
				CODE_SIGN_STYLE = Automatic;
				DEVELOPMENT_TEAM = NMSF2D3C24;
				INFOPLIST_FILE = Helios_awesomeTips/Info.plist;
				IPHONEOS_DEPLOYMENT_TARGET = 11.1;
				LD_RUNPATH_SEARCH_PATHS = (
					"$(inherited)",
					"@executable_path/Frameworks",
				);
				PRODUCT_BUNDLE_IDENTIFIER = "rrd.Helios-awesomeTips";
				PRODUCT_NAME = "$(TARGET_NAME)";
				SWIFT_VERSION = 5.0;
				TARGETED_DEVICE_FAMILY = "1,2";
			};
			name = Release;
		};
		6BC6F08F23FF7DB9000A39E2 /* Debug */ = {
			isa = XCBuildConfiguration;
			buildSettings = {
				ALWAYS_EMBED_SWIFT_STANDARD_LIBRARIES = YES;
				BUNDLE_LOADER = "$(TEST_HOST)";
				CODE_SIGN_STYLE = Automatic;
				INFOPLIST_FILE = Helios_awesomeTipsTests/Info.plist;
				LD_RUNPATH_SEARCH_PATHS = (
					"$(inherited)",
					"@executable_path/Frameworks",
					"@loader_path/Frameworks",
				);
				PRODUCT_BUNDLE_IDENTIFIER = "rrd.Helios-awesomeTipsTests";
				PRODUCT_NAME = "$(TARGET_NAME)";
				SWIFT_VERSION = 5.0;
				TARGETED_DEVICE_FAMILY = "1,2";
				TEST_HOST = "$(BUILT_PRODUCTS_DIR)/Helios_awesomeTips.app/Helios_awesomeTips";
			};
			name = Debug;
		};
		6BC6F09023FF7DB9000A39E2 /* Release */ = {
			isa = XCBuildConfiguration;
			buildSettings = {
				ALWAYS_EMBED_SWIFT_STANDARD_LIBRARIES = YES;
				BUNDLE_LOADER = "$(TEST_HOST)";
				CODE_SIGN_STYLE = Automatic;
				INFOPLIST_FILE = Helios_awesomeTipsTests/Info.plist;
				LD_RUNPATH_SEARCH_PATHS = (
					"$(inherited)",
					"@executable_path/Frameworks",
					"@loader_path/Frameworks",
				);
				PRODUCT_BUNDLE_IDENTIFIER = "rrd.Helios-awesomeTipsTests";
				PRODUCT_NAME = "$(TARGET_NAME)";
				SWIFT_VERSION = 5.0;
				TARGETED_DEVICE_FAMILY = "1,2";
				TEST_HOST = "$(BUILT_PRODUCTS_DIR)/Helios_awesomeTips.app/Helios_awesomeTips";
			};
			name = Release;
		};
		6BC6F09223FF7DB9000A39E2 /* Debug */ = {
			isa = XCBuildConfiguration;
			buildSettings = {
				ALWAYS_EMBED_SWIFT_STANDARD_LIBRARIES = YES;
				CODE_SIGN_STYLE = Automatic;
				INFOPLIST_FILE = Helios_awesomeTipsUITests/Info.plist;
				LD_RUNPATH_SEARCH_PATHS = (
					"$(inherited)",
					"@executable_path/Frameworks",
					"@loader_path/Frameworks",
				);
				PRODUCT_BUNDLE_IDENTIFIER = "rrd.Helios-awesomeTipsUITests";
				PRODUCT_NAME = "$(TARGET_NAME)";
				SWIFT_VERSION = 5.0;
				TARGETED_DEVICE_FAMILY = "1,2";
				TEST_TARGET_NAME = Helios_awesomeTips;
			};
			name = Debug;
		};
		6BC6F09323FF7DB9000A39E2 /* Release */ = {
			isa = XCBuildConfiguration;
			buildSettings = {
				ALWAYS_EMBED_SWIFT_STANDARD_LIBRARIES = YES;
				CODE_SIGN_STYLE = Automatic;
				INFOPLIST_FILE = Helios_awesomeTipsUITests/Info.plist;
				LD_RUNPATH_SEARCH_PATHS = (
					"$(inherited)",
					"@executable_path/Frameworks",
					"@loader_path/Frameworks",
				);
				PRODUCT_BUNDLE_IDENTIFIER = "rrd.Helios-awesomeTipsUITests";
				PRODUCT_NAME = "$(TARGET_NAME)";
				SWIFT_VERSION = 5.0;
				TARGETED_DEVICE_FAMILY = "1,2";
				TEST_TARGET_NAME = Helios_awesomeTips;
			};
			name = Release;
		};
/* End XCBuildConfiguration section */

/* Begin XCConfigurationList section */
		6BC6F05E23FF7DB6000A39E2 /* Build configuration list for PBXProject "Helios_awesomeTips" */ = {
			isa = XCConfigurationList;
			buildConfigurations = (
				6BC6F08923FF7DB9000A39E2 /* Debug */,
				6BC6F08A23FF7DB9000A39E2 /* Release */,
			);
			defaultConfigurationIsVisible = 0;
			defaultConfigurationName = Release;
		};
		6BC6F08B23FF7DB9000A39E2 /* Build configuration list for PBXNativeTarget "Helios_awesomeTips" */ = {
			isa = XCConfigurationList;
			buildConfigurations = (
				6BC6F08C23FF7DB9000A39E2 /* Debug */,
				6BC6F08D23FF7DB9000A39E2 /* Release */,
			);
			defaultConfigurationIsVisible = 0;
			defaultConfigurationName = Release;
		};
		6BC6F08E23FF7DB9000A39E2 /* Build configuration list for PBXNativeTarget "Helios_awesomeTipsTests" */ = {
			isa = XCConfigurationList;
			buildConfigurations = (
				6BC6F08F23FF7DB9000A39E2 /* Debug */,
				6BC6F09023FF7DB9000A39E2 /* Release */,
			);
			defaultConfigurationIsVisible = 0;
			defaultConfigurationName = Release;
		};
		6BC6F09123FF7DB9000A39E2 /* Build configuration list for PBXNativeTarget "Helios_awesomeTipsUITests" */ = {
			isa = XCConfigurationList;
			buildConfigurations = (
				6BC6F09223FF7DB9000A39E2 /* Debug */,
				6BC6F09323FF7DB9000A39E2 /* Release */,
			);
			defaultConfigurationIsVisible = 0;
			defaultConfigurationName = Release;
		};
/* End XCConfigurationList section */
	};
	rootObject = 6BC6F05B23FF7DB6000A39E2 /* Project object */;
}
